
Microsoft Visual Studio Solution File, Format Version 12.00
# Visual Studio Version 17
VisualStudioVersion = 17.5.33318.248
MinimumVisualStudioVersion = 10.0.40219.1
Project("{FAE04EC0-301F-11D3-BF4B-00C04F79EFBC}") = "MSCSpawnMenu", "MSCSpawnMenu.csproj", "{93493296-C439-4A59-8C76-E37381177C40}"
EndProject
Global
	GlobalSection(SolutionConfigurationPlatforms) = preSolution
		Debug|Any CPU = Debug|Any CPU
		Release|Any CPU = Release|Any CPU
	EndGlobalSection
	GlobalSection(ProjectConfigurationPlatforms) = postSolution
		{93493296-C439-4A59-8C76-E37381177C40}.Debug|Any CPU.ActiveCfg = Debug|Any CPU
		{93493296-C439-4A59-8C76-E37381177C40}.Debug|Any CPU.Build.0 = Debug|Any CPU
		{93493296-C439-4A59-8C76-E37381177C40}.Release|Any CPU.ActiveCfg = Release|Any CPU
		{93493296-C439-4A59-8C76-E37381177C40}.Release|Any CPU.Build.0 = Release|Any CPU
	EndGlobalSection
	GlobalSection(SolutionProperties) = preSolution
		HideSolutionNode = FALSE
	EndGlobalSection
	GlobalSection(ExtensibilityGlobals) = postSolution
		SolutionGuid = {94B03BC7-7363-4E1B-895B-CA5025B2BE36}
	EndGlobalSection
EndGlobal
